// !$*UTF8*$!
{
	archiveVersion = 1;
	classes = {
	};
	objectVersion = 51;
	objects = {

/* Begin PBXBuildFile section */
		18934B44259DC8EE00137E69 /* AppDelegate.swift in Sources */ = {isa = PBXBuildFile; fileRef = 18934B43259DC8EE00137E69 /* AppDelegate.swift */; };
		18934B46259DC8EE00137E69 /* SceneDelegate.swift in Sources */ = {isa = PBXBuildFile; fileRef = 18934B45259DC8EE00137E69 /* SceneDelegate.swift */; };
		18934B4B259DC8EE00137E69 /* Main.storyboard in Resources */ = {isa = PBXBuildFile; fileRef = 18934B49259DC8EE00137E69 /* Main.storyboard */; };
		18934B4E259DC8EF00137E69 /* RxMemoWithMVVM.xcdatamodeld in Sources */ = {isa = PBXBuildFile; fileRef = 18934B4C259DC8EF00137E69 /* RxMemoWithMVVM.xcdatamodeld */; };
		18934B50259DC8F100137E69 /* Assets.xcassets in Resources */ = {isa = PBXBuildFile; fileRef = 18934B4F259DC8F100137E69 /* Assets.xcassets */; };
		18934B53259DC8F100137E69 /* LaunchScreen.storyboard in Resources */ = {isa = PBXBuildFile; fileRef = 18934B51259DC8F100137E69 /* LaunchScreen.storyboard */; };
		18F262BA259F34B200CC034B /* Memo.swift in Sources */ = {isa = PBXBuildFile; fileRef = 18F262B9259F34B200CC034B /* Memo.swift */; };
		18F262BD259F355000CC034B /* MemoStorageType.swift in Sources */ = {isa = PBXBuildFile; fileRef = 18F262BC259F355000CC034B /* MemoStorageType.swift */; };
		18F262C2259F360A00CC034B /* MemoryStorage.swift in Sources */ = {isa = PBXBuildFile; fileRef = 18F262C1259F360A00CC034B /* MemoryStorage.swift */; };
		18F262C5259F3FFB00CC034B /* MemoListViewController.swift in Sources */ = {isa = PBXBuildFile; fileRef = 18F262C4259F3FFB00CC034B /* MemoListViewController.swift */; };
		18F262C8259F402100CC034B /* MemoDetailViewController.swift in Sources */ = {isa = PBXBuildFile; fileRef = 18F262C7259F402100CC034B /* MemoDetailViewController.swift */; };
		18F262CB259F404500CC034B /* MemoComposeViewController.swift in Sources */ = {isa = PBXBuildFile; fileRef = 18F262CA259F404500CC034B /* MemoComposeViewController.swift */; };
		18F262CE259F408200CC034B /* MemoListViewModel.swift in Sources */ = {isa = PBXBuildFile; fileRef = 18F262CD259F408200CC034B /* MemoListViewModel.swift */; };
		18F262D1259F40AD00CC034B /* MemoDetailViewModel.swift in Sources */ = {isa = PBXBuildFile; fileRef = 18F262D0259F40AD00CC034B /* MemoDetailViewModel.swift */; };
		18F262D4259F40D400CC034B /* MemoComposeViewModel.swift in Sources */ = {isa = PBXBuildFile; fileRef = 18F262D3259F40D400CC034B /* MemoComposeViewModel.swift */; };
		18F262D7259F411000CC034B /* ViewModelBindableType.swift in Sources */ = {isa = PBXBuildFile; fileRef = 18F262D6259F411000CC034B /* ViewModelBindableType.swift */; };
		18F262DA259F427100CC034B /* TransitionModel.swift in Sources */ = {isa = PBXBuildFile; fileRef = 18F262D9259F427100CC034B /* TransitionModel.swift */; };
		18F262DD259F42B400CC034B /* Scene.swift in Sources */ = {isa = PBXBuildFile; fileRef = 18F262DC259F42B400CC034B /* Scene.swift */; };
		18F262E0259F444A00CC034B /* SceneCoordinatorType.swift in Sources */ = {isa = PBXBuildFile; fileRef = 18F262DF259F444A00CC034B /* SceneCoordinatorType.swift */; };
		18F262E3259F44C900CC034B /* SceneCoordinator.swift in Sources */ = {isa = PBXBuildFile; fileRef = 18F262E2259F44C900CC034B /* SceneCoordinator.swift */; };
		18F262E6259F474C00CC034B /* CommonViewModel.swift in Sources */ = {isa = PBXBuildFile; fileRef = 18F262E5259F474C00CC034B /* CommonViewModel.swift */; };
		18F648EE25A04CD90035B40E /* CoreDataStorage.swift in Sources */ = {isa = PBXBuildFile; fileRef = 18F648ED25A04CD90035B40E /* CoreDataStorage.swift */; };
		4A6B927403A598E6E4881E38 /* Pods_RxMemoWithMVVM.framework in Frameworks */ = {isa = PBXBuildFile; fileRef = 4680E1BB239633803D16E11D /* Pods_RxMemoWithMVVM.framework */; };
/* End PBXBuildFile section */

/* Begin PBXFileReference section */
		18934B40259DC8EE00137E69 /* RxMemoWithMVVM.app */ = {isa = PBXFileReference; explicitFileType = wrapper.application; includeInIndex = 0; path = RxMemoWithMVVM.app; sourceTree = BUILT_PRODUCTS_DIR; };
		18934B43259DC8EE00137E69 /* AppDelegate.swift */ = {isa = PBXFileReference; lastKnownFileType = sourcecode.swift; path = AppDelegate.swift; sourceTree = "<group>"; };
		18934B45259DC8EE00137E69 /* SceneDelegate.swift */ = {isa = PBXFileReference; lastKnownFileType = sourcecode.swift; path = SceneDelegate.swift; sourceTree = "<group>"; };
		18934B4A259DC8EE00137E69 /* Base */ = {isa = PBXFileReference; lastKnownFileType = file.storyboard; name = Base; path = Base.lproj/Main.storyboard; sourceTree = "<group>"; };
		18934B4D259DC8EF00137E69 /* RxMemoWithMVVM.xcdatamodel */ = {isa = PBXFileReference; lastKnownFileType = wrapper.xcdatamodel; path = RxMemoWithMVVM.xcdatamodel; sourceTree = "<group>"; };
		18934B4F259DC8F100137E69 /* Assets.xcassets */ = {isa = PBXFileReference; lastKnownFileType = folder.assetcatalog; path = Assets.xcassets; sourceTree = "<group>"; };
		18934B52259DC8F100137E69 /* Base */ = {isa = PBXFileReference; lastKnownFileType = file.storyboard; name = Base; path = Base.lproj/LaunchScreen.storyboard; sourceTree = "<group>"; };
		18934B54259DC8F100137E69 /* Info.plist */ = {isa = PBXFileReference; lastKnownFileType = text.plist.xml; path = Info.plist; sourceTree = "<group>"; };
		18F262B9259F34B200CC034B /* Memo.swift */ = {isa = PBXFileReference; lastKnownFileType = sourcecode.swift; path = Memo.swift; sourceTree = "<group>"; };
		18F262BC259F355000CC034B /* MemoStorageType.swift */ = {isa = PBXFileReference; lastKnownFileType = sourcecode.swift; path = MemoStorageType.swift; sourceTree = "<group>"; };
		18F262C1259F360A00CC034B /* MemoryStorage.swift */ = {isa = PBXFileReference; lastKnownFileType = sourcecode.swift; path = MemoryStorage.swift; sourceTree = "<group>"; };
		18F262C4259F3FFB00CC034B /* MemoListViewController.swift */ = {isa = PBXFileReference; lastKnownFileType = sourcecode.swift; path = MemoListViewController.swift; sourceTree = "<group>"; };
		18F262C7259F402100CC034B /* MemoDetailViewController.swift */ = {isa = PBXFileReference; lastKnownFileType = sourcecode.swift; path = MemoDetailViewController.swift; sourceTree = "<group>"; };
		18F262CA259F404500CC034B /* MemoComposeViewController.swift */ = {isa = PBXFileReference; lastKnownFileType = sourcecode.swift; path = MemoComposeViewController.swift; sourceTree = "<group>"; };
		18F262CD259F408200CC034B /* MemoListViewModel.swift */ = {isa = PBXFileReference; lastKnownFileType = sourcecode.swift; path = MemoListViewModel.swift; sourceTree = "<group>"; };
		18F262D0259F40AD00CC034B /* MemoDetailViewModel.swift */ = {isa = PBXFileReference; lastKnownFileType = sourcecode.swift; path = MemoDetailViewModel.swift; sourceTree = "<group>"; };
		18F262D3259F40D400CC034B /* MemoComposeViewModel.swift */ = {isa = PBXFileReference; lastKnownFileType = sourcecode.swift; path = MemoComposeViewModel.swift; sourceTree = "<group>"; };
		18F262D6259F411000CC034B /* ViewModelBindableType.swift */ = {isa = PBXFileReference; lastKnownFileType = sourcecode.swift; path = ViewModelBindableType.swift; sourceTree = "<group>"; };
		18F262D9259F427100CC034B /* TransitionModel.swift */ = {isa = PBXFileReference; lastKnownFileType = sourcecode.swift; path = TransitionModel.swift; sourceTree = "<group>"; };
		18F262DC259F42B400CC034B /* Scene.swift */ = {isa = PBXFileReference; lastKnownFileType = sourcecode.swift; path = Scene.swift; sourceTree = "<group>"; };
		18F262DF259F444A00CC034B /* SceneCoordinatorType.swift */ = {isa = PBXFileReference; lastKnownFileType = sourcecode.swift; path = SceneCoordinatorType.swift; sourceTree = "<group>"; };
		18F262E2259F44C900CC034B /* SceneCoordinator.swift */ = {isa = PBXFileReference; lastKnownFileType = sourcecode.swift; path = SceneCoordinator.swift; sourceTree = "<group>"; };
		18F262E5259F474C00CC034B /* CommonViewModel.swift */ = {isa = PBXFileReference; lastKnownFileType = sourcecode.swift; path = CommonViewModel.swift; sourceTree = "<group>"; };
		18F648ED25A04CD90035B40E /* CoreDataStorage.swift */ = {isa = PBXFileReference; lastKnownFileType = sourcecode.swift; path = CoreDataStorage.swift; sourceTree = "<group>"; };
		26917B1E890C8A645E9D2443 /* Pods-RxMemoWithMVVM.debug.xcconfig */ = {isa = PBXFileReference; includeInIndex = 1; lastKnownFileType = text.xcconfig; name = "Pods-RxMemoWithMVVM.debug.xcconfig"; path = "Target Support Files/Pods-RxMemoWithMVVM/Pods-RxMemoWithMVVM.debug.xcconfig"; sourceTree = "<group>"; };
		2D51718791F0FCD9D679A630 /* Pods-RxMemoWithMVVM.release.xcconfig */ = {isa = PBXFileReference; includeInIndex = 1; lastKnownFileType = text.xcconfig; name = "Pods-RxMemoWithMVVM.release.xcconfig"; path = "Target Support Files/Pods-RxMemoWithMVVM/Pods-RxMemoWithMVVM.release.xcconfig"; sourceTree = "<group>"; };
		4680E1BB239633803D16E11D /* Pods_RxMemoWithMVVM.framework */ = {isa = PBXFileReference; explicitFileType = wrapper.framework; includeInIndex = 0; path = Pods_RxMemoWithMVVM.framework; sourceTree = BUILT_PRODUCTS_DIR; };
/* End PBXFileReference section */

/* Begin PBXFrameworksBuildPhase section */
		18934B3D259DC8EE00137E69 /* Frameworks */ = {
			isa = PBXFrameworksBuildPhase;
			buildActionMask = 2147483647;
			files = (
				4A6B927403A598E6E4881E38 /* Pods_RxMemoWithMVVM.framework in Frameworks */,
			);
			runOnlyForDeploymentPostprocessing = 0;
		};
/* End PBXFrameworksBuildPhase section */

/* Begin PBXGroup section */
		18934B37259DC8EE00137E69 = {
			isa = PBXGroup;
			children = (
				18934B42259DC8EE00137E69 /* RxMemoWithMVVM */,
				18934B41259DC8EE00137E69 /* Products */,
				5DFE2C8AE56B2BD1259AA4AA /* Pods */,
				A80BFEBA253B0F00A61B90ED /* Frameworks */,
			);
			sourceTree = "<group>";
		};
		18934B41259DC8EE00137E69 /* Products */ = {
			isa = PBXGroup;
			children = (
				18934B40259DC8EE00137E69 /* RxMemoWithMVVM.app */,
			);
			name = Products;
			sourceTree = "<group>";
		};
		18934B42259DC8EE00137E69 /* RxMemoWithMVVM */ = {
			isa = PBXGroup;
			children = (
				18934B6A259DCB1600137E69 /* Scene */,
				18934B69259DCB0D00137E69 /* Service */,
				18934B68259DCACB00137E69 /* ViewModel */,
				18934B67259DCAC900137E69 /* ViewController */,
				18934B66259DCAC500137E69 /* Model */,
				18934B43259DC8EE00137E69 /* AppDelegate.swift */,
				18934B45259DC8EE00137E69 /* SceneDelegate.swift */,
				18934B4F259DC8F100137E69 /* Assets.xcassets */,
				18934B54259DC8F100137E69 /* Info.plist */,
			);
			path = RxMemoWithMVVM;
			sourceTree = "<group>";
		};
		18934B66259DCAC500137E69 /* Model */ = {
			isa = PBXGroup;
			children = (
				18F262B9259F34B200CC034B /* Memo.swift */,
			);
			path = Model;
			sourceTree = "<group>";
		};
		18934B67259DCAC900137E69 /* ViewController */ = {
			isa = PBXGroup;
			children = (
				18934B49259DC8EE00137E69 /* Main.storyboard */,
				18934B51259DC8F100137E69 /* LaunchScreen.storyboard */,
				18F262C4259F3FFB00CC034B /* MemoListViewController.swift */,
				18F262C7259F402100CC034B /* MemoDetailViewController.swift */,
				18F262CA259F404500CC034B /* MemoComposeViewController.swift */,
				18F262D6259F411000CC034B /* ViewModelBindableType.swift */,
			);
			path = ViewController;
			sourceTree = "<group>";
		};
		18934B68259DCACB00137E69 /* ViewModel */ = {
			isa = PBXGroup;
			children = (
				18F262CD259F408200CC034B /* MemoListViewModel.swift */,
				18F262D0259F40AD00CC034B /* MemoDetailViewModel.swift */,
				18F262D3259F40D400CC034B /* MemoComposeViewModel.swift */,
				18F262E5259F474C00CC034B /* CommonViewModel.swift */,
			);
			path = ViewModel;
			sourceTree = "<group>";
		};
		18934B69259DCB0D00137E69 /* Service */ = {
			isa = PBXGroup;
			children = (
				18F262C0259F35E000CC034B /* CoreDataStorage */,
				18F262BF259F35CF00CC034B /* MemoryStorage */,
				18F262BC259F355000CC034B /* MemoStorageType.swift */,
			);
			path = Service;
			sourceTree = "<group>";
		};
		18934B6A259DCB1600137E69 /* Scene */ = {
			isa = PBXGroup;
			children = (
				18F262D9259F427100CC034B /* TransitionModel.swift */,
				18F262DC259F42B400CC034B /* Scene.swift */,
				18F262DF259F444A00CC034B /* SceneCoordinatorType.swift */,
				18F262E2259F44C900CC034B /* SceneCoordinator.swift */,
			);
			path = Scene;
			sourceTree = "<group>";
		};
		18F262BF259F35CF00CC034B /* MemoryStorage */ = {
			isa = PBXGroup;
			children = (
				18F262C1259F360A00CC034B /* MemoryStorage.swift */,
			);
			path = MemoryStorage;
			sourceTree = "<group>";
		};
		18F262C0259F35E000CC034B /* CoreDataStorage */ = {
			isa = PBXGroup;
			children = (
				18934B4C259DC8EF00137E69 /* RxMemoWithMVVM.xcdatamodeld */,
				18F648ED25A04CD90035B40E /* CoreDataStorage.swift */,
			);
			path = CoreDataStorage;
			sourceTree = "<group>";
		};
		5DFE2C8AE56B2BD1259AA4AA /* Pods */ = {
			isa = PBXGroup;
			children = (
				26917B1E890C8A645E9D2443 /* Pods-RxMemoWithMVVM.debug.xcconfig */,
				2D51718791F0FCD9D679A630 /* Pods-RxMemoWithMVVM.release.xcconfig */,
			);
			path = Pods;
			sourceTree = "<group>";
		};
		A80BFEBA253B0F00A61B90ED /* Frameworks */ = {
			isa = PBXGroup;
			children = (
				4680E1BB239633803D16E11D /* Pods_RxMemoWithMVVM.framework */,
			);
			name = Frameworks;
			sourceTree = "<group>";
		};
/* End PBXGroup section */

/* Begin PBXNativeTarget section */
		18934B3F259DC8EE00137E69 /* RxMemoWithMVVM */ = {
			isa = PBXNativeTarget;
			buildConfigurationList = 18934B57259DC8F100137E69 /* Build configuration list for PBXNativeTarget "RxMemoWithMVVM" */;
			buildPhases = (
				B708E4E2F6DC18CDBCDF482A /* [CP] Check Pods Manifest.lock */,
				18934B3C259DC8EE00137E69 /* Sources */,
				18934B3D259DC8EE00137E69 /* Frameworks */,
				18934B3E259DC8EE00137E69 /* Resources */,
				463F9D431CF8DC21C37846A2 /* [CP] Embed Pods Frameworks */,
			);
			buildRules = (
			);
			dependencies = (
			);
			name = RxMemoWithMVVM;
			productName = RxMemoWithMVVM;
			productReference = 18934B40259DC8EE00137E69 /* RxMemoWithMVVM.app */;
			productType = "com.apple.product-type.application";
		};
/* End PBXNativeTarget section */

/* Begin PBXProject section */
		18934B38259DC8EE00137E69 /* Project object */ = {
			isa = PBXProject;
			attributes = {
				LastSwiftUpdateCheck = 1230;
				LastUpgradeCheck = 1230;
				TargetAttributes = {
					18934B3F259DC8EE00137E69 = {
						CreatedOnToolsVersion = 12.3;
					};
				};
			};
			buildConfigurationList = 18934B3B259DC8EE00137E69 /* Build configuration list for PBXProject "RxMemoWithMVVM" */;
			compatibilityVersion = "Xcode 9.3";
			developmentRegion = en;
			hasScannedForEncodings = 0;
			knownRegions = (
				en,
				Base,
			);
			mainGroup = 18934B37259DC8EE00137E69;
			productRefGroup = 18934B41259DC8EE00137E69 /* Products */;
			projectDirPath = "";
			projectRoot = "";
			targets = (
				18934B3F259DC8EE00137E69 /* RxMemoWithMVVM */,
			);
		};
/* End PBXProject section */

/* Begin PBXResourcesBuildPhase section */
		18934B3E259DC8EE00137E69 /* Resources */ = {
			isa = PBXResourcesBuildPhase;
			buildActionMask = 2147483647;
			files = (
				18934B53259DC8F100137E69 /* LaunchScreen.storyboard in Resources */,
				18934B50259DC8F100137E69 /* Assets.xcassets in Resources */,
				18934B4B259DC8EE00137E69 /* Main.storyboard in Resources */,
			);
			runOnlyForDeploymentPostprocessing = 0;
		};
/* End PBXResourcesBuildPhase section */

/* Begin PBXShellScriptBuildPhase section */
		463F9D431CF8DC21C37846A2 /* [CP] Embed Pods Frameworks */ = {
			isa = PBXShellScriptBuildPhase;
			buildActionMask = 2147483647;
			files = (
			);
			inputFileListPaths = (
				"${PODS_ROOT}/Target Support Files/Pods-RxMemoWithMVVM/Pods-RxMemoWithMVVM-frameworks-${CONFIGURATION}-input-files.xcfilelist",
			);
			name = "[CP] Embed Pods Frameworks";
			outputFileListPaths = (
				"${PODS_ROOT}/Target Support Files/Pods-RxMemoWithMVVM/Pods-RxMemoWithMVVM-frameworks-${CONFIGURATION}-output-files.xcfilelist",
			);
			runOnlyForDeploymentPostprocessing = 0;
			shellPath = /bin/sh;
			shellScript = "\"${PODS_ROOT}/Target Support Files/Pods-RxMemoWithMVVM/Pods-RxMemoWithMVVM-frameworks.sh\"\n";
			showEnvVarsInLog = 0;
		};
		B708E4E2F6DC18CDBCDF482A /* [CP] Check Pods Manifest.lock */ = {
			isa = PBXShellScriptBuildPhase;
			buildActionMask = 2147483647;
			files = (
			);
			inputFileListPaths = (
			);
			inputPaths = (
				"${PODS_PODFILE_DIR_PATH}/Podfile.lock",
				"${PODS_ROOT}/Manifest.lock",
			);
			name = "[CP] Check Pods Manifest.lock";
			outputFileListPaths = (
			);
			outputPaths = (
				"$(DERIVED_FILE_DIR)/Pods-RxMemoWithMVVM-checkManifestLockResult.txt",
			);
			runOnlyForDeploymentPostprocessing = 0;
			shellPath = /bin/sh;
			shellScript = "diff \"${PODS_PODFILE_DIR_PATH}/Podfile.lock\" \"${PODS_ROOT}/Manifest.lock\" > /dev/null\nif [ $? != 0 ] ; then\n    # print error to STDERR\n    echo \"error: The sandbox is not in sync with the Podfile.lock. Run 'pod install' or update your CocoaPods installation.\" >&2\n    exit 1\nfi\n# This output is used by Xcode 'outputs' to avoid re-running this script phase.\necho \"SUCCESS\" > \"${SCRIPT_OUTPUT_FILE_0}\"\n";
			showEnvVarsInLog = 0;
		};
/* End PBXShellScriptBuildPhase section */

/* Begin PBXSourcesBuildPhase section */
		18934B3C259DC8EE00137E69 /* Sources */ = {
			isa = PBXSourcesBuildPhase;
			buildActionMask = 2147483647;
			files = (
				18F262C2259F360A00CC034B /* MemoryStorage.swift in Sources */,
				18F648EE25A04CD90035B40E /* CoreDataStorage.swift in Sources */,
				18F262D4259F40D400CC034B /* MemoComposeViewModel.swift in Sources */,
				18F262E3259F44C900CC034B /* SceneCoordinator.swift in Sources */,
				18F262DD259F42B400CC034B /* Scene.swift in Sources */,
				18F262C8259F402100CC034B /* MemoDetailViewController.swift in Sources */,
				18F262D7259F411000CC034B /* ViewModelBindableType.swift in Sources */,
				18934B4E259DC8EF00137E69 /* RxMemoWithMVVM.xcdatamodeld in Sources */,
				18F262BD259F355000CC034B /* MemoStorageType.swift in Sources */,
				18934B44259DC8EE00137E69 /* AppDelegate.swift in Sources */,
				18934B46259DC8EE00137E69 /* SceneDelegate.swift in Sources */,
				18F262E0259F444A00CC034B /* SceneCoordinatorType.swift in Sources */,
				18F262CE259F408200CC034B /* MemoListViewModel.swift in Sources */,
				18F262D1259F40AD00CC034B /* MemoDetailViewModel.swift in Sources */,
				18F262E6259F474C00CC034B /* CommonViewModel.swift in Sources */,
				18F262DA259F427100CC034B /* TransitionModel.swift in Sources */,
				18F262C5259F3FFB00CC034B /* MemoListViewController.swift in Sources */,
				18F262CB259F404500CC034B /* MemoComposeViewController.swift in Sources */,
				18F262BA259F34B200CC034B /* Memo.swift in Sources */,
			);
			runOnlyForDeploymentPostprocessing = 0;
		};
/* End PBXSourcesBuildPhase section */

/* Begin PBXVariantGroup section */
		18934B49259DC8EE00137E69 /* Main.storyboard */ = {
			isa = PBXVariantGroup;
			children = (
				18934B4A259DC8EE00137E69 /* Base */,
			);
			name = Main.storyboard;
			sourceTree = "<group>";
		};
		18934B51259DC8F100137E69 /* LaunchScreen.storyboard */ = {
			isa = PBXVariantGroup;
			children = (
				18934B52259DC8F100137E69 /* Base */,
			);
			name = LaunchScreen.storyboard;
			sourceTree = "<group>";
		};
/* End PBXVariantGroup section */

/* Begin XCBuildConfiguration section */
		18934B55259DC8F100137E69 /* Debug */ = {
			isa = XCBuildConfiguration;
			buildSettings = {
				ALWAYS_SEARCH_USER_PATHS = NO;
				CLANG_ANALYZER_NONNULL = YES;
				CLANG_ANALYZER_NUMBER_OBJECT_CONVERSION = YES_AGGRESSIVE;
				CLANG_CXX_LANGUAGE_STANDARD = "gnu++14";
				CLANG_CXX_LIBRARY = "libc++";
				CLANG_ENABLE_MODULES = YES;
				CLANG_ENABLE_OBJC_ARC = YES;
				CLANG_ENABLE_OBJC_WEAK = YES;
				CLANG_WARN_BLOCK_CAPTURE_AUTORELEASING = YES;
				CLANG_WARN_BOOL_CONVERSION = YES;
				CLANG_WARN_COMMA = YES;
				CLANG_WARN_CONSTANT_CONVERSION = YES;
				CLANG_WARN_DEPRECATED_OBJC_IMPLEMENTATIONS = YES;
				CLANG_WARN_DIRECT_OBJC_ISA_USAGE = YES_ERROR;
				CLANG_WARN_DOCUMENTATION_COMMENTS = YES;
				CLANG_WARN_EMPTY_BODY = YES;
				CLANG_WARN_ENUM_CONVERSION = YES;
				CLANG_WARN_INFINITE_RECURSION = YES;
				CLANG_WARN_INT_CONVERSION = YES;
				CLANG_WARN_NON_LITERAL_NULL_CONVERSION = YES;
				CLANG_WARN_OBJC_IMPLICIT_RETAIN_SELF = YES;
				CLANG_WARN_OBJC_LITERAL_CONVERSION = YES;
				CLANG_WARN_OBJC_ROOT_CLASS = YES_ERROR;
				CLANG_WARN_QUOTED_INCLUDE_IN_FRAMEWORK_HEADER = YES;
				CLANG_WARN_RANGE_LOOP_ANALYSIS = YES;
				CLANG_WARN_STRICT_PROTOTYPES = YES;
				CLANG_WARN_SUSPICIOUS_MOVE = YES;
				CLANG_WARN_UNGUARDED_AVAILABILITY = YES_AGGRESSIVE;
				CLANG_WARN_UNREACHABLE_CODE = YES;
				CLANG_WARN__DUPLICATE_METHOD_MATCH = YES;
				COPY_PHASE_STRIP = NO;
				DEBUG_INFORMATION_FORMAT = dwarf;
				ENABLE_STRICT_OBJC_MSGSEND = YES;
				ENABLE_TESTABILITY = YES;
				GCC_C_LANGUAGE_STANDARD = gnu11;
				GCC_DYNAMIC_NO_PIC = NO;
				GCC_NO_COMMON_BLOCKS = YES;
				GCC_OPTIMIZATION_LEVEL = 0;
				GCC_PREPROCESSOR_DEFINITIONS = (
					"DEBUG=1",
					"$(inherited)",
				);
				GCC_WARN_64_TO_32_BIT_CONVERSION = YES;
				GCC_WARN_ABOUT_RETURN_TYPE = YES_ERROR;
				GCC_WARN_UNDECLARED_SELECTOR = YES;
				GCC_WARN_UNINITIALIZED_AUTOS = YES_AGGRESSIVE;
				GCC_WARN_UNUSED_FUNCTION = YES;
				GCC_WARN_UNUSED_VARIABLE = YES;
				IPHONEOS_DEPLOYMENT_TARGET = 10.0;
				MTL_ENABLE_DEBUG_INFO = INCLUDE_SOURCE;
				MTL_FAST_MATH = YES;
				ONLY_ACTIVE_ARCH = YES;
				SDKROOT = iphoneos;
				SWIFT_ACTIVE_COMPILATION_CONDITIONS = DEBUG;
				SWIFT_OPTIMIZATION_LEVEL = "-Onone";
			};
			name = Debug;
		};
		18934B56259DC8F100137E69 /* Release */ = {
			isa = XCBuildConfiguration;
			buildSettings = {
				ALWAYS_SEARCH_USER_PATHS = NO;
				CLANG_ANALYZER_NONNULL = YES;
				CLANG_ANALYZER_NUMBER_OBJECT_CONVERSION = YES_AGGRESSIVE;
				CLANG_CXX_LANGUAGE_STANDARD = "gnu++14";
				CLANG_CXX_LIBRARY = "libc++";
				CLANG_ENABLE_MODULES = YES;
				CLANG_ENABLE_OBJC_ARC = YES;
				CLANG_ENABLE_OBJC_WEAK = YES;
				CLANG_WARN_BLOCK_CAPTURE_AUTORELEASING = YES;
				CLANG_WARN_BOOL_CONVERSION = YES;
				CLANG_WARN_COMMA = YES;
				CLANG_WARN_CONSTANT_CONVERSION = YES;
				CLANG_WARN_DEPRECATED_OBJC_IMPLEMENTATIONS = YES;
				CLANG_WARN_DIRECT_OBJC_ISA_USAGE = YES_ERROR;
				CLANG_WARN_DOCUMENTATION_COMMENTS = YES;
				CLANG_WARN_EMPTY_BODY = YES;
				CLANG_WARN_ENUM_CONVERSION = YES;
				CLANG_WARN_INFINITE_RECURSION = YES;
				CLANG_WARN_INT_CONVERSION = YES;
				CLANG_WARN_NON_LITERAL_NULL_CONVERSION = YES;
				CLANG_WARN_OBJC_IMPLICIT_RETAIN_SELF = YES;
				CLANG_WARN_OBJC_LITERAL_CONVERSION = YES;
				CLANG_WARN_OBJC_ROOT_CLASS = YES_ERROR;
				CLANG_WARN_QUOTED_INCLUDE_IN_FRAMEWORK_HEADER = YES;
				CLANG_WARN_RANGE_LOOP_ANALYSIS = YES;
				CLANG_WARN_STRICT_PROTOTYPES = YES;
				CLANG_WARN_SUSPICIOUS_MOVE = YES;
				CLANG_WARN_UNGUARDED_AVAILABILITY = YES_AGGRESSIVE;
				CLANG_WARN_UNREACHABLE_CODE = YES;
				CLANG_WARN__DUPLICATE_METHOD_MATCH = YES;
				COPY_PHASE_STRIP = NO;
				DEBUG_INFORMATION_FORMAT = "dwarf-with-dsym";
				ENABLE_NS_ASSERTIONS = NO;
				ENABLE_STRICT_OBJC_MSGSEND = YES;
				GCC_C_LANGUAGE_STANDARD = gnu11;
				GCC_NO_COMMON_BLOCKS = YES;
				GCC_WARN_64_TO_32_BIT_CONVERSION = YES;
				GCC_WARN_ABOUT_RETURN_TYPE = YES_ERROR;
				GCC_WARN_UNDECLARED_SELECTOR = YES;
				GCC_WARN_UNINITIALIZED_AUTOS = YES_AGGRESSIVE;
				GCC_WARN_UNUSED_FUNCTION = YES;
				GCC_WARN_UNUSED_VARIABLE = YES;
				IPHONEOS_DEPLOYMENT_TARGET = 10.0;
				MTL_ENABLE_DEBUG_INFO = NO;
				MTL_FAST_MATH = YES;
				SDKROOT = iphoneos;
				SWIFT_COMPILATION_MODE = wholemodule;
				SWIFT_OPTIMIZATION_LEVEL = "-O";
				VALIDATE_PRODUCT = YES;
			};
			name = Release;
		};
		18934B58259DC8F100137E69 /* Debug */ = {
			isa = XCBuildConfiguration;
			baseConfigurationReference = 26917B1E890C8A645E9D2443 /* Pods-RxMemoWithMVVM.debug.xcconfig */;
			buildSettings = {
				ASSETCATALOG_COMPILER_APPICON_NAME = AppIcon;
				ASSETCATALOG_COMPILER_GLOBAL_ACCENT_COLOR_NAME = AccentColor;
				CODE_SIGN_STYLE = Automatic;
				DEVELOPMENT_TEAM = GKWNA6U353;
				INFOPLIST_FILE = RxMemoWithMVVM/Info.plist;
				LD_RUNPATH_SEARCH_PATHS = (
					"$(inherited)",
					"@executable_path/Frameworks",
				);
				PRODUCT_BUNDLE_IDENTIFIER = com.JeongminKim.RxMemoWithMVVM;
				PRODUCT_NAME = "$(TARGET_NAME)";
				SWIFT_VERSION = 5.0;
				TARGETED_DEVICE_FAMILY = "1,2";
			};
			name = Debug;
		};
		18934B59259DC8F100137E69 /* Release */ = {
			isa = XCBuildConfiguration;
			baseConfigurationReference = 2D51718791F0FCD9D679A630 /* Pods-RxMemoWithMVVM.release.xcconfig */;
			buildSettings = {
				ASSETCATALOG_COMPILER_APPICON_NAME = AppIcon;
				ASSETCATALOG_COMPILER_GLOBAL_ACCENT_COLOR_NAME = AccentColor;
				CODE_SIGN_STYLE = Automatic;
				DEVELOPMENT_TEAM = GKWNA6U353;
				INFOPLIST_FILE = RxMemoWithMVVM/Info.plist;
				LD_RUNPATH_SEARCH_PATHS = (
					"$(inherited)",
					"@executable_path/Frameworks",
				);
				PRODUCT_BUNDLE_IDENTIFIER = com.JeongminKim.RxMemoWithMVVM;
				PRODUCT_NAME = "$(TARGET_NAME)";
				SWIFT_VERSION = 5.0;
				TARGETED_DEVICE_FAMILY = "1,2";
			};
			name = Release;
		};
/* End XCBuildConfiguration section */

/* Begin XCConfigurationList section */
		18934B3B259DC8EE00137E69 /* Build configuration list for PBXProject "RxMemoWithMVVM" */ = {
			isa = XCConfigurationList;
			buildConfigurations = (
				18934B55259DC8F100137E69 /* Debug */,
				18934B56259DC8F100137E69 /* Release */,
			);
			defaultConfigurationIsVisible = 0;
			defaultConfigurationName = Release;
		};
		18934B57259DC8F100137E69 /* Build configuration list for PBXNativeTarget "RxMemoWithMVVM" */ = {
			isa = XCConfigurationList;
			buildConfigurations = (
				18934B58259DC8F100137E69 /* Debug */,
				18934B59259DC8F100137E69 /* Release */,
			);
			defaultConfigurationIsVisible = 0;
			defaultConfigurationName = Release;
		};
/* End XCConfigurationList section */

/* Begin XCVersionGroup section */
		18934B4C259DC8EF00137E69 /* RxMemoWithMVVM.xcdatamodeld */ = {
			isa = XCVersionGroup;
			children = (
				18934B4D259DC8EF00137E69 /* RxMemoWithMVVM.xcdatamodel */,
			);
			currentVersion = 18934B4D259DC8EF00137E69 /* RxMemoWithMVVM.xcdatamodel */;
			path = RxMemoWithMVVM.xcdatamodeld;
			sourceTree = "<group>";
			versionGroupType = wrapper.xcdatamodel;
		};
/* End XCVersionGroup section */
	};
	rootObject = 18934B38259DC8EE00137E69 /* Project object */;
}
